// !$*UTF8*$!
{
	archiveVersion = 1;
	classes = {
	};
	objectVersion = 56;
	objects = {

/* Begin PBXBuildFile section */
		32A778662AE80C2C00C55872 /* AppDelegate.swift in Sources */ = {isa = PBXBuildFile; fileRef = 32A778652AE80C2C00C55872 /* AppDelegate.swift */; };
		32A778682AE80C2C00C55872 /* SceneDelegate.swift in Sources */ = {isa = PBXBuildFile; fileRef = 32A778672AE80C2C00C55872 /* SceneDelegate.swift */; };
		32A7786A2AE80C2C00C55872 /* ViewController.swift in Sources */ = {isa = PBXBuildFile; fileRef = 32A778692AE80C2C00C55872 /* ViewController.swift */; };
		32A7786D2AE80C2C00C55872 /* Main.storyboard in Resources */ = {isa = PBXBuildFile; fileRef = 32A7786B2AE80C2C00C55872 /* Main.storyboard */; };
		32A7786F2AE80C2D00C55872 /* Assets.xcassets in Resources */ = {isa = PBXBuildFile; fileRef = 32A7786E2AE80C2D00C55872 /* Assets.xcassets */; };
		32A778722AE80C2D00C55872 /* LaunchScreen.storyboard in Resources */ = {isa = PBXBuildFile; fileRef = 32A778702AE80C2D00C55872 /* LaunchScreen.storyboard */; };
		32A7787D2AE80C2D00C55872 /* FirstGameAppTests.swift in Sources */ = {isa = PBXBuildFile; fileRef = 32A7787C2AE80C2D00C55872 /* FirstGameAppTests.swift */; };
		32A778872AE80C2D00C55872 /* FirstGameAppUITests.swift in Sources */ = {isa = PBXBuildFile; fileRef = 32A778862AE80C2D00C55872 /* FirstGameAppUITests.swift */; };
		32A778892AE80C2D00C55872 /* FirstGameAppUITestsLaunchTests.swift in Sources */ = {isa = PBXBuildFile; fileRef = 32A778882AE80C2D00C55872 /* FirstGameAppUITestsLaunchTests.swift */; };
/* End PBXBuildFile section */

/* Begin PBXContainerItemProxy section */
		32A778792AE80C2D00C55872 /* PBXContainerItemProxy */ = {
			isa = PBXContainerItemProxy;
			containerPortal = 32A7785A2AE80C2C00C55872 /* Project object */;
			proxyType = 1;
			remoteGlobalIDString = 32A778612AE80C2C00C55872;
			remoteInfo = FirstGameApp;
		};
		32A778832AE80C2D00C55872 /* PBXContainerItemProxy */ = {
			isa = PBXContainerItemProxy;
			containerPortal = 32A7785A2AE80C2C00C55872 /* Project object */;
			proxyType = 1;
			remoteGlobalIDString = 32A778612AE80C2C00C55872;
			remoteInfo = FirstGameApp;
		};
/* End PBXContainerItemProxy section */

/* Begin PBXFileReference section */
		32A778622AE80C2C00C55872 /* FirstGameApp.app */ = {isa = PBXFileReference; explicitFileType = wrapper.application; includeInIndex = 0; path = FirstGameApp.app; sourceTree = BUILT_PRODUCTS_DIR; };
		32A778652AE80C2C00C55872 /* AppDelegate.swift */ = {isa = PBXFileReference; lastKnownFileType = sourcecode.swift; path = AppDelegate.swift; sourceTree = "<group>"; };
		32A778672AE80C2C00C55872 /* SceneDelegate.swift */ = {isa = PBXFileReference; lastKnownFileType = sourcecode.swift; path = SceneDelegate.swift; sourceTree = "<group>"; };
		32A778692AE80C2C00C55872 /* ViewController.swift */ = {isa = PBXFileReference; lastKnownFileType = sourcecode.swift; path = ViewController.swift; sourceTree = "<group>"; };
		32A7786C2AE80C2C00C55872 /* Base */ = {isa = PBXFileReference; lastKnownFileType = file.storyboard; name = Base; path = Base.lproj/Main.storyboard; sourceTree = "<group>"; };
		32A7786E2AE80C2D00C55872 /* Assets.xcassets */ = {isa = PBXFileReference; lastKnownFileType = folder.assetcatalog; path = Assets.xcassets; sourceTree = "<group>"; };
		32A778712AE80C2D00C55872 /* Base */ = {isa = PBXFileReference; lastKnownFileType = file.storyboard; name = Base; path = Base.lproj/LaunchScreen.storyboard; sourceTree = "<group>"; };
		32A778732AE80C2D00C55872 /* Info.plist */ = {isa = PBXFileReference; lastKnownFileType = text.plist.xml; path = Info.plist; sourceTree = "<group>"; };
		32A778782AE80C2D00C55872 /* FirstGameAppTests.xctest */ = {isa = PBXFileReference; explicitFileType = wrapper.cfbundle; includeInIndex = 0; path = FirstGameAppTests.xctest; sourceTree = BUILT_PRODUCTS_DIR; };
		32A7787C2AE80C2D00C55872 /* FirstGameAppTests.swift */ = {isa = PBXFileReference; lastKnownFileType = sourcecode.swift; path = FirstGameAppTests.swift; sourceTree = "<group>"; };
		32A778822AE80C2D00C55872 /* FirstGameAppUITests.xctest */ = {isa = PBXFileReference; explicitFileType = wrapper.cfbundle; includeInIndex = 0; path = FirstGameAppUITests.xctest; sourceTree = BUILT_PRODUCTS_DIR; };
		32A778862AE80C2D00C55872 /* FirstGameAppUITests.swift */ = {isa = PBXFileReference; lastKnownFileType = sourcecode.swift; path = FirstGameAppUITests.swift; sourceTree = "<group>"; };
		32A778882AE80C2D00C55872 /* FirstGameAppUITestsLaunchTests.swift */ = {isa = PBXFileReference; lastKnownFileType = sourcecode.swift; path = FirstGameAppUITestsLaunchTests.swift; sourceTree = "<group>"; };
/* End PBXFileReference section */

/* Begin PBXFrameworksBuildPhase section */
		32A7785F2AE80C2C00C55872 /* Frameworks */ = {
			isa = PBXFrameworksBuildPhase;
			buildActionMask = 2147483647;
			files = (
			);
			runOnlyForDeploymentPostprocessing = 0;
		};
		32A778752AE80C2D00C55872 /* Frameworks */ = {
			isa = PBXFrameworksBuildPhase;
			buildActionMask = 2147483647;
			files = (
			);
			runOnlyForDeploymentPostprocessing = 0;
		};
		32A7787F2AE80C2D00C55872 /* Frameworks */ = {
			isa = PBXFrameworksBuildPhase;
			buildActionMask = 2147483647;
			files = (
			);
			runOnlyForDeploymentPostprocessing = 0;
		};
/* End PBXFrameworksBuildPhase section */

/* Begin PBXGroup section */
		32A778592AE80C2C00C55872 = {
			isa = PBXGroup;
			children = (
				32A778642AE80C2C00C55872 /* FirstGameApp */,
				32A7787B2AE80C2D00C55872 /* FirstGameAppTests */,
				32A778852AE80C2D00C55872 /* FirstGameAppUITests */,
				32A778632AE80C2C00C55872 /* Products */,
			);
			sourceTree = "<group>";
		};
		32A778632AE80C2C00C55872 /* Products */ = {
			isa = PBXGroup;
			children = (
				32A778622AE80C2C00C55872 /* FirstGameApp.app */,
				32A778782AE80C2D00C55872 /* FirstGameAppTests.xctest */,
				32A778822AE80C2D00C55872 /* FirstGameAppUITests.xctest */,
			);
			name = Products;
			sourceTree = "<group>";
		};
		32A778642AE80C2C00C55872 /* FirstGameApp */ = {
			isa = PBXGroup;
			children = (
				32A778652AE80C2C00C55872 /* AppDelegate.swift */,
				32A778672AE80C2C00C55872 /* SceneDelegate.swift */,
				32A778692AE80C2C00C55872 /* ViewController.swift */,
				32A7786B2AE80C2C00C55872 /* Main.storyboard */,
				32A7786E2AE80C2D00C55872 /* Assets.xcassets */,
				32A778702AE80C2D00C55872 /* LaunchScreen.storyboard */,
				32A778732AE80C2D00C55872 /* Info.plist */,
			);
			path = FirstGameApp;
			sourceTree = "<group>";
		};
		32A7787B2AE80C2D00C55872 /* FirstGameAppTests */ = {
			isa = PBXGroup;
			children = (
				32A7787C2AE80C2D00C55872 /* FirstGameAppTests.swift */,
			);
			path = FirstGameAppTests;
			sourceTree = "<group>";
		};
		32A778852AE80C2D00C55872 /* FirstGameAppUITests */ = {
			isa = PBXGroup;
			children = (
				32A778862AE80C2D00C55872 /* FirstGameAppUITests.swift */,
				32A778882AE80C2D00C55872 /* FirstGameAppUITestsLaunchTests.swift */,
			);
			path = FirstGameAppUITests;
			sourceTree = "<group>";
		};
/* End PBXGroup section */

/* Begin PBXNativeTarget section */
		32A778612AE80C2C00C55872 /* FirstGameApp */ = {
			isa = PBXNativeTarget;
			buildConfigurationList = 32A7788C2AE80C2D00C55872 /* Build configuration list for PBXNativeTarget "FirstGameApp" */;
			buildPhases = (
				32A7785E2AE80C2C00C55872 /* Sources */,
				32A7785F2AE80C2C00C55872 /* Frameworks */,
				32A778602AE80C2C00C55872 /* Resources */,
			);
			buildRules = (
			);
			dependencies = (
			);
			name = FirstGameApp;
			productName = FirstGameApp;
			productReference = 32A778622AE80C2C00C55872 /* FirstGameApp.app */;
			productType = "com.apple.product-type.application";
		};
		32A778772AE80C2D00C55872 /* FirstGameAppTests */ = {
			isa = PBXNativeTarget;
			buildConfigurationList = 32A7788F2AE80C2D00C55872 /* Build configuration list for PBXNativeTarget "FirstGameAppTests" */;
			buildPhases = (
				32A778742AE80C2D00C55872 /* Sources */,
				32A778752AE80C2D00C55872 /* Frameworks */,
				32A778762AE80C2D00C55872 /* Resources */,
			);
			buildRules = (
			);
			dependencies = (
				32A7787A2AE80C2D00C55872 /* PBXTargetDependency */,
			);
			name = FirstGameAppTests;
			productName = FirstGameAppTests;
			productReference = 32A778782AE80C2D00C55872 /* FirstGameAppTests.xctest */;
			productType = "com.apple.product-type.bundle.unit-test";
		};
		32A778812AE80C2D00C55872 /* FirstGameAppUITests */ = {
			isa = PBXNativeTarget;
			buildConfigurationList = 32A778922AE80C2D00C55872 /* Build configuration list for PBXNativeTarget "FirstGameAppUITests" */;
			buildPhases = (
				32A7787E2AE80C2D00C55872 /* Sources */,
				32A7787F2AE80C2D00C55872 /* Frameworks */,
				32A778802AE80C2D00C55872 /* Resources */,
			);
			buildRules = (
			);
			dependencies = (
				32A778842AE80C2D00C55872 /* PBXTargetDependency */,
			);
			name = FirstGameAppUITests;
			productName = FirstGameAppUITests;
			productReference = 32A778822AE80C2D00C55872 /* FirstGameAppUITests.xctest */;
			productType = "com.apple.product-type.bundle.ui-testing";
		};
/* End PBXNativeTarget section */

/* Begin PBXProject section */
		32A7785A2AE80C2C00C55872 /* Project object */ = {
			isa = PBXProject;
			attributes = {
				BuildIndependentTargetsInParallel = 1;
				LastSwiftUpdateCheck = 1500;
				LastUpgradeCheck = 1500;
				TargetAttributes = {
					32A778612AE80C2C00C55872 = {
						CreatedOnToolsVersion = 15.0.1;
					};
					32A778772AE80C2D00C55872 = {
						CreatedOnToolsVersion = 15.0.1;
						TestTargetID = 32A778612AE80C2C00C55872;
					};
					32A778812AE80C2D00C55872 = {
						CreatedOnToolsVersion = 15.0.1;
						TestTargetID = 32A778612AE80C2C00C55872;
					};
				};
			};
			buildConfigurationList = 32A7785D2AE80C2C00C55872 /* Build configuration list for PBXProject "FirstGameApp" */;
			compatibilityVersion = "Xcode 14.0";
			developmentRegion = en;
			hasScannedForEncodings = 0;
			knownRegions = (
				en,
				Base,
			);
			mainGroup = 32A778592AE80C2C00C55872;
			productRefGroup = 32A778632AE80C2C00C55872 /* Products */;
			projectDirPath = "";
			projectRoot = "";
			targets = (
				32A778612AE80C2C00C55872 /* FirstGameApp */,
				32A778772AE80C2D00C55872 /* FirstGameAppTests */,
				32A778812AE80C2D00C55872 /* FirstGameAppUITests */,
			);
		};
/* End PBXProject section */

/* Begin PBXResourcesBuildPhase section */
		32A778602AE80C2C00C55872 /* Resources */ = {
			isa = PBXResourcesBuildPhase;
			buildActionMask = 2147483647;
			files = (
				32A778722AE80C2D00C55872 /* LaunchScreen.storyboard in Resources */,
				32A7786F2AE80C2D00C55872 /* Assets.xcassets in Resources */,
				32A7786D2AE80C2C00C55872 /* Main.storyboard in Resources */,
			);
			runOnlyForDeploymentPostprocessing = 0;
		};
		32A778762AE80C2D00C55872 /* Resources */ = {
			isa = PBXResourcesBuildPhase;
			buildActionMask = 2147483647;
			files = (
			);
			runOnlyForDeploymentPostprocessing = 0;
		};
		32A778802AE80C2D00C55872 /* Resources */ = {
			isa = PBXResourcesBuildPhase;
			buildActionMask = 2147483647;
			files = (
			);
			runOnlyForDeploymentPostprocessing = 0;
		};
/* End PBXResourcesBuildPhase section */

/* Begin PBXSourcesBuildPhase section */
		32A7785E2AE80C2C00C55872 /* Sources */ = {
			isa = PBXSourcesBuildPhase;
			buildActionMask = 2147483647;
			files = (
				32A7786A2AE80C2C00C55872 /* ViewController.swift in Sources */,
				32A778662AE80C2C00C55872 /* AppDelegate.swift in Sources */,
				32A778682AE80C2C00C55872 /* SceneDelegate.swift in Sources */,
			);
			runOnlyForDeploymentPostprocessing = 0;
		};
		32A778742AE80C2D00C55872 /* Sources */ = {
			isa = PBXSourcesBuildPhase;
			buildActionMask = 2147483647;
			files = (
				32A7787D2AE80C2D00C55872 /* FirstGameAppTests.swift in Sources */,
			);
			runOnlyForDeploymentPostprocessing = 0;
		};
		32A7787E2AE80C2D00C55872 /* Sources */ = {
			isa = PBXSourcesBuildPhase;
			buildActionMask = 2147483647;
			files = (
				32A778872AE80C2D00C55872 /* FirstGameAppUITests.swift in Sources */,
				32A778892AE80C2D00C55872 /* FirstGameAppUITestsLaunchTests.swift in Sources */,
			);
			runOnlyForDeploymentPostprocessing = 0;
		};
/* End PBXSourcesBuildPhase section */

/* Begin PBXTargetDependency section */
		32A7787A2AE80C2D00C55872 /* PBXTargetDependency */ = {
			isa = PBXTargetDependency;
			target = 32A778612AE80C2C00C55872 /* FirstGameApp */;
			targetProxy = 32A778792AE80C2D00C55872 /* PBXContainerItemProxy */;
		};
		32A778842AE80C2D00C55872 /* PBXTargetDependency */ = {
			isa = PBXTargetDependency;
			target = 32A778612AE80C2C00C55872 /* FirstGameApp */;
			targetProxy = 32A778832AE80C2D00C55872 /* PBXContainerItemProxy */;
		};
/* End PBXTargetDependency section */

/* Begin PBXVariantGroup section */
		32A7786B2AE80C2C00C55872 /* Main.storyboard */ = {
			isa = PBXVariantGroup;
			children = (
				32A7786C2AE80C2C00C55872 /* Base */,
			);
			name = Main.storyboard;
			sourceTree = "<group>";
		};
		32A778702AE80C2D00C55872 /* LaunchScreen.storyboard */ = {
			isa = PBXVariantGroup;
			children = (
				32A778712AE80C2D00C55872 /* Base */,
			);
			name = LaunchScreen.storyboard;
			sourceTree = "<group>";
		};
/* End PBXVariantGroup section */

/* Begin XCBuildConfiguration section */
		32A7788A2AE80C2D00C55872 /* Debug */ = {
			isa = XCBuildConfiguration;
			buildSettings = {
				ALWAYS_SEARCH_USER_PATHS = NO;
				ASSETCATALOG_COMPILER_GENERATE_SWIFT_ASSET_SYMBOL_EXTENSIONS = YES;
				CLANG_ANALYZER_NONNULL = YES;
				CLANG_ANALYZER_NUMBER_OBJECT_CONVERSION = YES_AGGRESSIVE;
				CLANG_CXX_LANGUAGE_STANDARD = "gnu++20";
				CLANG_ENABLE_MODULES = YES;
				CLANG_ENABLE_OBJC_ARC = YES;
				CLANG_ENABLE_OBJC_WEAK = YES;
				CLANG_WARN_BLOCK_CAPTURE_AUTORELEASING = YES;
				CLANG_WARN_BOOL_CONVERSION = YES;
				CLANG_WARN_COMMA = YES;
				CLANG_WARN_CONSTANT_CONVERSION = YES;
				CLANG_WARN_DEPRECATED_OBJC_IMPLEMENTATIONS = YES;
				CLANG_WARN_DIRECT_OBJC_ISA_USAGE = YES_ERROR;
				CLANG_WARN_DOCUMENTATION_COMMENTS = YES;
				CLANG_WARN_EMPTY_BODY = YES;
				CLANG_WARN_ENUM_CONVERSION = YES;
				CLANG_WARN_INFINITE_RECURSION = YES;
				CLANG_WARN_INT_CONVERSION = YES;
				CLANG_WARN_NON_LITERAL_NULL_CONVERSION = YES;
				CLANG_WARN_OBJC_IMPLICIT_RETAIN_SELF = YES;
				CLANG_WARN_OBJC_LITERAL_CONVERSION = YES;
				CLANG_WARN_OBJC_ROOT_CLASS = YES_ERROR;
				CLANG_WARN_QUOTED_INCLUDE_IN_FRAMEWORK_HEADER = YES;
				CLANG_WARN_RANGE_LOOP_ANALYSIS = YES;
				CLANG_WARN_STRICT_PROTOTYPES = YES;
				CLANG_WARN_SUSPICIOUS_MOVE = YES;
				CLANG_WARN_UNGUARDED_AVAILABILITY = YES_AGGRESSIVE;
				CLANG_WARN_UNREACHABLE_CODE = YES;
				CLANG_WARN__DUPLICATE_METHOD_MATCH = YES;
				COPY_PHASE_STRIP = NO;
				DEBUG_INFORMATION_FORMAT = dwarf;
				ENABLE_STRICT_OBJC_MSGSEND = YES;
				ENABLE_TESTABILITY = YES;
				ENABLE_USER_SCRIPT_SANDBOXING = YES;
				GCC_C_LANGUAGE_STANDARD = gnu17;
				GCC_DYNAMIC_NO_PIC = NO;
				GCC_NO_COMMON_BLOCKS = YES;
				GCC_OPTIMIZATION_LEVEL = 0;
				GCC_PREPROCESSOR_DEFINITIONS = (
					"DEBUG=1",
					"$(inherited)",
				);
				GCC_WARN_64_TO_32_BIT_CONVERSION = YES;
				GCC_WARN_ABOUT_RETURN_TYPE = YES_ERROR;
				GCC_WARN_UNDECLARED_SELECTOR = YES;
				GCC_WARN_UNINITIALIZED_AUTOS = YES_AGGRESSIVE;
				GCC_WARN_UNUSED_FUNCTION = YES;
				GCC_WARN_UNUSED_VARIABLE = YES;
				IPHONEOS_DEPLOYMENT_TARGET = 17.0;
				LOCALIZATION_PREFERS_STRING_CATALOGS = YES;
				MTL_ENABLE_DEBUG_INFO = INCLUDE_SOURCE;
				MTL_FAST_MATH = YES;
				ONLY_ACTIVE_ARCH = YES;
				SDKROOT = iphoneos;
				SWIFT_ACTIVE_COMPILATION_CONDITIONS = "DEBUG $(inherited)";
				SWIFT_OPTIMIZATION_LEVEL = "-Onone";
			};
			name = Debug;
		};
		32A7788B2AE80C2D00C55872 /* Release */ = {
			isa = XCBuildConfiguration;
			buildSettings = {
				ALWAYS_SEARCH_USER_PATHS = NO;
				ASSETCATALOG_COMPILER_GENERATE_SWIFT_ASSET_SYMBOL_EXTENSIONS = YES;
				CLANG_ANALYZER_NONNULL = YES;
				CLANG_ANALYZER_NUMBER_OBJECT_CONVERSION = YES_AGGRESSIVE;
				CLANG_CXX_LANGUAGE_STANDARD = "gnu++20";
				CLANG_ENABLE_MODULES = YES;
				CLANG_ENABLE_OBJC_ARC = YES;
				CLANG_ENABLE_OBJC_WEAK = YES;
				CLANG_WARN_BLOCK_CAPTURE_AUTORELEASING = YES;
				CLANG_WARN_BOOL_CONVERSION = YES;
				CLANG_WARN_COMMA = YES;
				CLANG_WARN_CONSTANT_CONVERSION = YES;
				CLANG_WARN_DEPRECATED_OBJC_IMPLEMENTATIONS = YES;
				CLANG_WARN_DIRECT_OBJC_ISA_USAGE = YES_ERROR;
				CLANG_WARN_DOCUMENTATION_COMMENTS = YES;
				CLANG_WARN_EMPTY_BODY = YES;
				CLANG_WARN_ENUM_CONVERSION = YES;
				CLANG_WARN_INFINITE_RECURSION = YES;
				CLANG_WARN_INT_CONVERSION = YES;
				CLANG_WARN_NON_LITERAL_NULL_CONVERSION = YES;
				CLANG_WARN_OBJC_IMPLICIT_RETAIN_SELF = YES;
				CLANG_WARN_OBJC_LITERAL_CONVERSION = YES;
				CLANG_WARN_OBJC_ROOT_CLASS = YES_ERROR;
				CLANG_WARN_QUOTED_INCLUDE_IN_FRAMEWORK_HEADER = YES;
				CLANG_WARN_RANGE_LOOP_ANALYSIS = YES;
				CLANG_WARN_STRICT_PROTOTYPES = YES;
				CLANG_WARN_SUSPICIOUS_MOVE = YES;
				CLANG_WARN_UNGUARDED_AVAILABILITY = YES_AGGRESSIVE;
				CLANG_WARN_UNREACHABLE_CODE = YES;
				CLANG_WARN__DUPLICATE_METHOD_MATCH = YES;
				COPY_PHASE_STRIP = NO;
				DEBUG_INFORMATION_FORMAT = "dwarf-with-dsym";
				ENABLE_NS_ASSERTIONS = NO;
				ENABLE_STRICT_OBJC_MSGSEND = YES;
				ENABLE_USER_SCRIPT_SANDBOXING = YES;
				GCC_C_LANGUAGE_STANDARD = gnu17;
				GCC_NO_COMMON_BLOCKS = YES;
				GCC_WARN_64_TO_32_BIT_CONVERSION = YES;
				GCC_WARN_ABOUT_RETURN_TYPE = YES_ERROR;
				GCC_WARN_UNDECLARED_SELECTOR = YES;
				GCC_WARN_UNINITIALIZED_AUTOS = YES_AGGRESSIVE;
				GCC_WARN_UNUSED_FUNCTION = YES;
				GCC_WARN_UNUSED_VARIABLE = YES;
				IPHONEOS_DEPLOYMENT_TARGET = 17.0;
				LOCALIZATION_PREFERS_STRING_CATALOGS = YES;
				MTL_ENABLE_DEBUG_INFO = NO;
				MTL_FAST_MATH = YES;
				SDKROOT = iphoneos;
				SWIFT_COMPILATION_MODE = wholemodule;
				VALIDATE_PRODUCT = YES;
			};
			name = Release;
		};
		32A7788D2AE80C2D00C55872 /* Debug */ = {
			isa = XCBuildConfiguration;
			buildSettings = {
				ASSETCATALOG_COMPILER_APPICON_NAME = AppIcon;
				ASSETCATALOG_COMPILER_GLOBAL_ACCENT_COLOR_NAME = AccentColor;
				CODE_SIGN_STYLE = Automatic;
				CURRENT_PROJECT_VERSION = 1;
				GENERATE_INFOPLIST_FILE = YES;
				INFOPLIST_FILE = FirstGameApp/Info.plist;
				INFOPLIST_KEY_UIApplicationSupportsIndirectInputEvents = YES;
				INFOPLIST_KEY_UILaunchStoryboardName = LaunchScreen;
				INFOPLIST_KEY_UIMainStoryboardFile = Main;
				INFOPLIST_KEY_UISupportedInterfaceOrientations_iPad = "UIInterfaceOrientationPortrait UIInterfaceOrientationPortraitUpsideDown UIInterfaceOrientationLandscapeLeft UIInterfaceOrientationLandscapeRight";
				INFOPLIST_KEY_UISupportedInterfaceOrientations_iPhone = "UIInterfaceOrientationPortrait UIInterfaceOrientationLandscapeLeft UIInterfaceOrientationLandscapeRight";
				LD_RUNPATH_SEARCH_PATHS = (
					"$(inherited)",
					"@executable_path/Frameworks",
				);
				MARKETING_VERSION = 1.0;
				PRODUCT_BUNDLE_IDENTIFIER = com.apple.gameshamalviya.FirstGameApp;
				PRODUCT_NAME = "$(TARGET_NAME)";
				SWIFT_EMIT_LOC_STRINGS = YES;
				SWIFT_VERSION = 5.0;
				TARGETED_DEVICE_FAMILY = "1,2";
			};
			name = Debug;
		};
		32A7788E2AE80C2D00C55872 /* Release */ = {
			isa = XCBuildConfiguration;
			buildSettings = {
				ASSETCATALOG_COMPILER_APPICON_NAME = AppIcon;
				ASSETCATALOG_COMPILER_GLOBAL_ACCENT_COLOR_NAME = AccentColor;
				CODE_SIGN_STYLE = Automatic;
				CURRENT_PROJECT_VERSION = 1;
				GENERATE_INFOPLIST_FILE = YES;
				INFOPLIST_FILE = FirstGameApp/Info.plist;
				INFOPLIST_KEY_UIApplicationSupportsIndirectInputEvents = YES;
				INFOPLIST_KEY_UILaunchStoryboardName = LaunchScreen;
				INFOPLIST_KEY_UIMainStoryboardFile = Main;
				INFOPLIST_KEY_UISupportedInterfaceOrientations_iPad = "UIInterfaceOrientationPortrait UIInterfaceOrientationPortraitUpsideDown UIInterfaceOrientationLandscapeLeft UIInterfaceOrientationLandscapeRight";
				INFOPLIST_KEY_UISupportedInterfaceOrientations_iPhone = "UIInterfaceOrientationPortrait UIInterfaceOrientationLandscapeLeft UIInterfaceOrientationLandscapeRight";
				LD_RUNPATH_SEARCH_PATHS = (
					"$(inherited)",
					"@executable_path/Frameworks",
				);
				MARKETING_VERSION = 1.0;
				PRODUCT_BUNDLE_IDENTIFIER = com.apple.gameshamalviya.FirstGameApp;
				PRODUCT_NAME = "$(TARGET_NAME)";
				SWIFT_EMIT_LOC_STRINGS = YES;
				SWIFT_VERSION = 5.0;
				TARGETED_DEVICE_FAMILY = "1,2";
			};
			name = Release;
		};
		32A778902AE80C2D00C55872 /* Debug */ = {
			isa = XCBuildConfiguration;
			buildSettings = {
				ALWAYS_EMBED_SWIFT_STANDARD_LIBRARIES = YES;
				BUNDLE_LOADER = "$(TEST_HOST)";
				CODE_SIGN_STYLE = Automatic;
				CURRENT_PROJECT_VERSION = 1;
				GENERATE_INFOPLIST_FILE = YES;
				IPHONEOS_DEPLOYMENT_TARGET = 17.0;
				MARKETING_VERSION = 1.0;
				PRODUCT_BUNDLE_IDENTIFIER = com.apple.gameshamalviya.FirstGameAppTests;
				PRODUCT_NAME = "$(TARGET_NAME)";
				SWIFT_EMIT_LOC_STRINGS = NO;
				SWIFT_VERSION = 5.0;
				TARGETED_DEVICE_FAMILY = "1,2";
				TEST_HOST = "$(BUILT_PRODUCTS_DIR)/FirstGameApp.app/$(BUNDLE_EXECUTABLE_FOLDER_PATH)/FirstGameApp";
			};
			name = Debug;
		};
		32A778912AE80C2D00C55872 /* Release */ = {
			isa = XCBuildConfiguration;
			buildSettings = {
				ALWAYS_EMBED_SWIFT_STANDARD_LIBRARIES = YES;
				BUNDLE_LOADER = "$(TEST_HOST)";
				CODE_SIGN_STYLE = Automatic;
				CURRENT_PROJECT_VERSION = 1;
				GENERATE_INFOPLIST_FILE = YES;
				IPHONEOS_DEPLOYMENT_TARGET = 17.0;
				MARKETING_VERSION = 1.0;
				PRODUCT_BUNDLE_IDENTIFIER = com.apple.gameshamalviya.FirstGameAppTests;
				PRODUCT_NAME = "$(TARGET_NAME)";
				SWIFT_EMIT_LOC_STRINGS = NO;
				SWIFT_VERSION = 5.0;
				TARGETED_DEVICE_FAMILY = "1,2";
				TEST_HOST = "$(BUILT_PRODUCTS_DIR)/FirstGameApp.app/$(BUNDLE_EXECUTABLE_FOLDER_PATH)/FirstGameApp";
			};
			name = Release;
		};
		32A778932AE80C2D00C55872 /* Debug */ = {
			isa = XCBuildConfiguration;
			buildSettings = {
				ALWAYS_EMBED_SWIFT_STANDARD_LIBRARIES = YES;
				CODE_SIGN_STYLE = Automatic;
				CURRENT_PROJECT_VERSION = 1;
				GENERATE_INFOPLIST_FILE = YES;
				MARKETING_VERSION = 1.0;
				PRODUCT_BUNDLE_IDENTIFIER = com.apple.gameshamalviya.FirstGameAppUITests;
				PRODUCT_NAME = "$(TARGET_NAME)";
				SWIFT_EMIT_LOC_STRINGS = NO;
				SWIFT_VERSION = 5.0;
				TARGETED_DEVICE_FAMILY = "1,2";
				TEST_TARGET_NAME = FirstGameApp;
			};
			name = Debug;
		};
		32A778942AE80C2D00C55872 /* Release */ = {
			isa = XCBuildConfiguration;
			buildSettings = {
				ALWAYS_EMBED_SWIFT_STANDARD_LIBRARIES = YES;
				CODE_SIGN_STYLE = Automatic;
				CURRENT_PROJECT_VERSION = 1;
				GENERATE_INFOPLIST_FILE = YES;
				MARKETING_VERSION = 1.0;
				PRODUCT_BUNDLE_IDENTIFIER = com.apple.gameshamalviya.FirstGameAppUITests;
				PRODUCT_NAME = "$(TARGET_NAME)";
				SWIFT_EMIT_LOC_STRINGS = NO;
				SWIFT_VERSION = 5.0;
				TARGETED_DEVICE_FAMILY = "1,2";
				TEST_TARGET_NAME = FirstGameApp;
			};
			name = Release;
		};
/* End XCBuildConfiguration section */

/* Begin XCConfigurationList section */
		32A7785D2AE80C2C00C55872 /* Build configuration list for PBXProject "FirstGameApp" */ = {
			isa = XCConfigurationList;
			buildConfigurations = (
				32A7788A2AE80C2D00C55872 /* Debug */,
				32A7788B2AE80C2D00C55872 /* Release */,
			);
			defaultConfigurationIsVisible = 0;
			defaultConfigurationName = Release;
		};
		32A7788C2AE80C2D00C55872 /* Build configuration list for PBXNativeTarget "FirstGameApp" */ = {
			isa = XCConfigurationList;
			buildConfigurations = (
				32A7788D2AE80C2D00C55872 /* Debug */,
				32A7788E2AE80C2D00C55872 /* Release */,
			);
			defaultConfigurationIsVisible = 0;
			defaultConfigurationName = Release;
		};
		32A7788F2AE80C2D00C55872 /* Build configuration list for PBXNativeTarget "FirstGameAppTests" */ = {
			isa = XCConfigurationList;
			buildConfigurations = (
				32A778902AE80C2D00C55872 /* Debug */,
				32A778912AE80C2D00C55872 /* Release */,
			);
			defaultConfigurationIsVisible = 0;
			defaultConfigurationName = Release;
		};
		32A778922AE80C2D00C55872 /* Build configuration list for PBXNativeTarget "FirstGameAppUITests" */ = {
			isa = XCConfigurationList;
			buildConfigurations = (
				32A778932AE80C2D00C55872 /* Debug */,
				32A778942AE80C2D00C55872 /* Release */,
			);
			defaultConfigurationIsVisible = 0;
			defaultConfigurationName = Release;
		};
/* End XCConfigurationList section */
	};
	rootObject = 32A7785A2AE80C2C00C55872 /* Project object */;
}
